
Microsoft Visual Studio Solution File, Format Version 12.00
# Visual Studio Version 16
VisualStudioVersion = 16.0.32929.386
MinimumVisualStudioVersion = 10.0.40219.1
Project("{FAE04EC0-301F-11D3-BF4B-00C04F79EFBC}") = "Dashboard", "Dashboard\Dashboard.csproj", "{3D35DD29-2CDE-47EA-A1B2-BD36CCD83418}"
EndProject
Global
	GlobalSection(SolutionConfigurationPlatforms) = preSolution
		Debug|Any CPU = Debug|Any CPU
		Release|Any CPU = Release|Any CPU
	EndGlobalSection
	GlobalSection(ProjectConfigurationPlatforms) = postSolution
		{3D35DD29-2CDE-47EA-A1B2-BD36CCD83418}.Debug|Any CPU.ActiveCfg = Debug|Any CPU
		{3D35DD29-2CDE-47EA-A1B2-BD36CCD83418}.Debug|Any CPU.Build.0 = Debug|Any CPU
		{3D35DD29-2CDE-47EA-A1B2-BD36CCD83418}.Release|Any CPU.ActiveCfg = Release|Any CPU
		{3D35DD29-2CDE-47EA-A1B2-BD36CCD83418}.Release|Any CPU.Build.0 = Release|Any CPU
	EndGlobalSection
	GlobalSection(SolutionProperties) = preSolution
		HideSolutionNode = FALSE
	EndGlobalSection
	GlobalSection(ExtensibilityGlobals) = postSolution
		SolutionGuid = {1440D432-F1CA-4B1B-822E-15B21630F629}
	EndGlobalSection
EndGlobal
